
Microsoft Visual Studio Solution File, Format Version 12.00
# Visual Studio Version 17
VisualStudioVersion = 17.10.35122.118
MinimumVisualStudioVersion = 10.0.40219.1
Project("{FAE04EC0-301F-11D3-BF4B-00C04F79EFBC}") = "ConsoleApp2", "ConsoleApp2.csproj", "{1365F1E5-36E2-47CC-B756-8C962C7D275D}"
EndProject
Global
	GlobalSection(SolutionConfigurationPlatforms) = preSolution
		Debug|Any CPU = Debug|Any CPU
		Release|Any CPU = Release|Any CPU
	EndGlobalSection
	GlobalSection(ProjectConfigurationPlatforms) = postSolution
		{1365F1E5-36E2-47CC-B756-8C962C7D275D}.Debug|Any CPU.ActiveCfg = Debug|Any CPU
		{1365F1E5-36E2-47CC-B756-8C962C7D275D}.Debug|Any CPU.Build.0 = Debug|Any CPU
		{1365F1E5-36E2-47CC-B756-8C962C7D275D}.Release|Any CPU.ActiveCfg = Release|Any CPU
		{1365F1E5-36E2-47CC-B756-8C962C7D275D}.Release|Any CPU.Build.0 = Release|Any CPU
	EndGlobalSection
	GlobalSection(SolutionProperties) = preSolution
		HideSolutionNode = FALSE
	EndGlobalSection
	GlobalSection(ExtensibilityGlobals) = postSolution
		SolutionGuid = {BF0C0681-28D9-44AE-AEC9-81109EDE75C1}
	EndGlobalSection
EndGlobal
