
Microsoft Visual Studio Solution File, Format Version 12.00
# Visual Studio Version 17
VisualStudioVersion = 17.10.35122.118
MinimumVisualStudioVersion = 10.0.40219.1
Project("{FAE04EC0-301F-11D3-BF4B-00C04F79EFBC}") = "MadLibs", "MadLibs.csproj", "{CC0894F9-0975-4D75-A365-7EE0066F5EF8}"
EndProject
Global
	GlobalSection(SolutionConfigurationPlatforms) = preSolution
		Debug|Any CPU = Debug|Any CPU
		Release|Any CPU = Release|Any CPU
	EndGlobalSection
	GlobalSection(ProjectConfigurationPlatforms) = postSolution
		{CC0894F9-0975-4D75-A365-7EE0066F5EF8}.Debug|Any CPU.ActiveCfg = Debug|Any CPU
		{CC0894F9-0975-4D75-A365-7EE0066F5EF8}.Debug|Any CPU.Build.0 = Debug|Any CPU
		{CC0894F9-0975-4D75-A365-7EE0066F5EF8}.Release|Any CPU.ActiveCfg = Release|Any CPU
		{CC0894F9-0975-4D75-A365-7EE0066F5EF8}.Release|Any CPU.Build.0 = Release|Any CPU
	EndGlobalSection
	GlobalSection(SolutionProperties) = preSolution
		HideSolutionNode = FALSE
	EndGlobalSection
	GlobalSection(ExtensibilityGlobals) = postSolution
		SolutionGuid = {2AFD9227-9285-4347-8168-7E68D3F8EE36}
	EndGlobalSection
EndGlobal
